// !$*UTF8*$!
{
	archiveVersion = 1;
	classes = {
	};
	objectVersion = 55;
	objects = {

/* Begin PBXBuildFile section */
		4160768C27BBCCDC00E716FD /* InfoView.swift in Sources */ = {isa = PBXBuildFile; fileRef = 4160768B27BBCCDC00E716FD /* InfoView.swift */; };
		4160768E27BC440600E716FD /* PlaySound.swift in Sources */ = {isa = PBXBuildFile; fileRef = 4160768D27BC440500E716FD /* PlaySound.swift */; };
		41FD996127BA93600083F100 /* SlotMachineApp.swift in Sources */ = {isa = PBXBuildFile; fileRef = 41FD996027BA93600083F100 /* SlotMachineApp.swift */; };
		41FD996327BA93600083F100 /* ContentView.swift in Sources */ = {isa = PBXBuildFile; fileRef = 41FD996227BA93600083F100 /* ContentView.swift */; };
		41FD996527BA93670083F100 /* Assets.xcassets in Resources */ = {isa = PBXBuildFile; fileRef = 41FD996427BA93670083F100 /* Assets.xcassets */; };
		41FD996827BA93670083F100 /* Preview Assets.xcassets in Resources */ = {isa = PBXBuildFile; fileRef = 41FD996727BA93670083F100 /* Preview Assets.xcassets */; };
		41FD997627BA9C1F0083F100 /* spin.mp3 in Resources */ = {isa = PBXBuildFile; fileRef = 41FD996E27BA9C1F0083F100 /* spin.mp3 */; };
		41FD997727BA9C1F0083F100 /* casino-chips.mp3 in Resources */ = {isa = PBXBuildFile; fileRef = 41FD996F27BA9C1F0083F100 /* casino-chips.mp3 */; };
		41FD997827BA9C1F0083F100 /* high-score.mp3 in Resources */ = {isa = PBXBuildFile; fileRef = 41FD997027BA9C1F0083F100 /* high-score.mp3 */; };
		41FD997927BA9C1F0083F100 /* riseup.mp3 in Resources */ = {isa = PBXBuildFile; fileRef = 41FD997127BA9C1F0083F100 /* riseup.mp3 */; };
		41FD997A27BA9C1F0083F100 /* background-music.mp3 in Resources */ = {isa = PBXBuildFile; fileRef = 41FD997227BA9C1F0083F100 /* background-music.mp3 */; };
		41FD997B27BA9C1F0083F100 /* chimeup.mp3 in Resources */ = {isa = PBXBuildFile; fileRef = 41FD997327BA9C1F0083F100 /* chimeup.mp3 */; };
		41FD997C27BA9C1F0083F100 /* win.mp3 in Resources */ = {isa = PBXBuildFile; fileRef = 41FD997427BA9C1F0083F100 /* win.mp3 */; };
		41FD997D27BA9C1F0083F100 /* game-over.mp3 in Resources */ = {isa = PBXBuildFile; fileRef = 41FD997527BA9C1F0083F100 /* game-over.mp3 */; };
		41FD998227BA9CB70083F100 /* LaunchScreen.storyboard in Resources */ = {isa = PBXBuildFile; fileRef = 41FD998127BA9CB70083F100 /* LaunchScreen.storyboard */; };
		41FD998427BAB2090083F100 /* LogoView.swift in Sources */ = {isa = PBXBuildFile; fileRef = 41FD998327BAB2080083F100 /* LogoView.swift */; };
		41FD998627BAB2860083F100 /* Modifiers.swift in Sources */ = {isa = PBXBuildFile; fileRef = 41FD998527BAB2850083F100 /* Modifiers.swift */; };
		41FD998827BABD2D0083F100 /* Extensions.swift in Sources */ = {isa = PBXBuildFile; fileRef = 41FD998727BABD2D0083F100 /* Extensions.swift */; };
		41FD998A27BACD120083F100 /* ReelsView.swift in Sources */ = {isa = PBXBuildFile; fileRef = 41FD998927BACD110083F100 /* ReelsView.swift */; };
/* End PBXBuildFile section */

/* Begin PBXFileReference section */
		4160768B27BBCCDC00E716FD /* InfoView.swift */ = {isa = PBXFileReference; lastKnownFileType = sourcecode.swift; path = InfoView.swift; sourceTree = "<group>"; };
		4160768D27BC440500E716FD /* PlaySound.swift */ = {isa = PBXFileReference; lastKnownFileType = sourcecode.swift; path = PlaySound.swift; sourceTree = "<group>"; };
		4160768F27BD2D9B00E716FD /* Info.plist */ = {isa = PBXFileReference; lastKnownFileType = text.plist; path = Info.plist; sourceTree = "<group>"; };
		41FD995D27BA93600083F100 /* SlotMachine.app */ = {isa = PBXFileReference; explicitFileType = wrapper.application; includeInIndex = 0; path = SlotMachine.app; sourceTree = BUILT_PRODUCTS_DIR; };
		41FD996027BA93600083F100 /* SlotMachineApp.swift */ = {isa = PBXFileReference; lastKnownFileType = sourcecode.swift; path = SlotMachineApp.swift; sourceTree = "<group>"; };
		41FD996227BA93600083F100 /* ContentView.swift */ = {isa = PBXFileReference; indentWidth = 4; lastKnownFileType = sourcecode.swift; path = ContentView.swift; sourceTree = "<group>"; };
		41FD996427BA93670083F100 /* Assets.xcassets */ = {isa = PBXFileReference; lastKnownFileType = folder.assetcatalog; path = Assets.xcassets; sourceTree = "<group>"; };
		41FD996727BA93670083F100 /* Preview Assets.xcassets */ = {isa = PBXFileReference; lastKnownFileType = folder.assetcatalog; path = "Preview Assets.xcassets"; sourceTree = "<group>"; };
		41FD996E27BA9C1F0083F100 /* spin.mp3 */ = {isa = PBXFileReference; lastKnownFileType = audio.mp3; path = spin.mp3; sourceTree = "<group>"; };
		41FD996F27BA9C1F0083F100 /* casino-chips.mp3 */ = {isa = PBXFileReference; lastKnownFileType = audio.mp3; path = "casino-chips.mp3"; sourceTree = "<group>"; };
		41FD997027BA9C1F0083F100 /* high-score.mp3 */ = {isa = PBXFileReference; lastKnownFileType = audio.mp3; path = "high-score.mp3"; sourceTree = "<group>"; };
		41FD997127BA9C1F0083F100 /* riseup.mp3 */ = {isa = PBXFileReference; lastKnownFileType = audio.mp3; path = riseup.mp3; sourceTree = "<group>"; };
		41FD997227BA9C1F0083F100 /* background-music.mp3 */ = {isa = PBXFileReference; lastKnownFileType = audio.mp3; path = "background-music.mp3"; sourceTree = "<group>"; };
		41FD997327BA9C1F0083F100 /* chimeup.mp3 */ = {isa = PBXFileReference; lastKnownFileType = audio.mp3; path = chimeup.mp3; sourceTree = "<group>"; };
		41FD997427BA9C1F0083F100 /* win.mp3 */ = {isa = PBXFileReference; lastKnownFileType = audio.mp3; path = win.mp3; sourceTree = "<group>"; };
		41FD997527BA9C1F0083F100 /* game-over.mp3 */ = {isa = PBXFileReference; lastKnownFileType = audio.mp3; path = "game-over.mp3"; sourceTree = "<group>"; };
		41FD998127BA9CB70083F100 /* LaunchScreen.storyboard */ = {isa = PBXFileReference; lastKnownFileType = file.storyboard; path = LaunchScreen.storyboard; sourceTree = SOURCE_ROOT; };
		41FD998327BAB2080083F100 /* LogoView.swift */ = {isa = PBXFileReference; lastKnownFileType = sourcecode.swift; path = LogoView.swift; sourceTree = "<group>"; };
		41FD998527BAB2850083F100 /* Modifiers.swift */ = {isa = PBXFileReference; lastKnownFileType = sourcecode.swift; path = Modifiers.swift; sourceTree = "<group>"; };
		41FD998727BABD2D0083F100 /* Extensions.swift */ = {isa = PBXFileReference; lastKnownFileType = sourcecode.swift; path = Extensions.swift; sourceTree = "<group>"; };
		41FD998927BACD110083F100 /* ReelsView.swift */ = {isa = PBXFileReference; lastKnownFileType = sourcecode.swift; path = ReelsView.swift; sourceTree = "<group>"; };
/* End PBXFileReference section */

/* Begin PBXFrameworksBuildPhase section */
		41FD995A27BA93600083F100 /* Frameworks */ = {
			isa = PBXFrameworksBuildPhase;
			buildActionMask = 2147483647;
			files = (
			);
			runOnlyForDeploymentPostprocessing = 0;
		};
/* End PBXFrameworksBuildPhase section */

/* Begin PBXGroup section */
		41FD995427BA93600083F100 = {
			isa = PBXGroup;
			children = (
				41FD995F27BA93600083F100 /* SlotMachine */,
				41FD998127BA9CB70083F100 /* LaunchScreen.storyboard */,
				41FD995E27BA93600083F100 /* Products */,
			);
			sourceTree = "<group>";
		};
		41FD995E27BA93600083F100 /* Products */ = {
			isa = PBXGroup;
			children = (
				41FD995D27BA93600083F100 /* SlotMachine.app */,
			);
			name = Products;
			sourceTree = "<group>";
		};
		41FD995F27BA93600083F100 /* SlotMachine */ = {
			isa = PBXGroup;
			children = (
				4160768F27BD2D9B00E716FD /* Info.plist */,
				41FD996027BA93600083F100 /* SlotMachineApp.swift */,
				41FD998027BA9C770083F100 /* Helpers */,
				41FD997F27BA9C620083F100 /* Views */,
				41FD997E27BA9C4A0083F100 /* Sounds */,
				41FD996427BA93670083F100 /* Assets.xcassets */,
				41FD996627BA93670083F100 /* Preview Content */,
			);
			path = SlotMachine;
			sourceTree = "<group>";
		};
		41FD996627BA93670083F100 /* Preview Content */ = {
			isa = PBXGroup;
			children = (
				41FD996727BA93670083F100 /* Preview Assets.xcassets */,
			);
			path = "Preview Content";
			sourceTree = "<group>";
		};
		41FD997E27BA9C4A0083F100 /* Sounds */ = {
			isa = PBXGroup;
			children = (
				41FD997227BA9C1F0083F100 /* background-music.mp3 */,
				41FD996F27BA9C1F0083F100 /* casino-chips.mp3 */,
				41FD997327BA9C1F0083F100 /* chimeup.mp3 */,
				41FD997527BA9C1F0083F100 /* game-over.mp3 */,
				41FD997027BA9C1F0083F100 /* high-score.mp3 */,
				41FD997127BA9C1F0083F100 /* riseup.mp3 */,
				41FD996E27BA9C1F0083F100 /* spin.mp3 */,
				41FD997427BA9C1F0083F100 /* win.mp3 */,
			);
			path = Sounds;
			sourceTree = "<group>";
		};
		41FD997F27BA9C620083F100 /* Views */ = {
			isa = PBXGroup;
			children = (
				41FD996227BA93600083F100 /* ContentView.swift */,
				41FD998327BAB2080083F100 /* LogoView.swift */,
				41FD998927BACD110083F100 /* ReelsView.swift */,
				4160768B27BBCCDC00E716FD /* InfoView.swift */,
			);
			path = Views;
			sourceTree = "<group>";
		};
		41FD998027BA9C770083F100 /* Helpers */ = {
			isa = PBXGroup;
			children = (
				41FD998527BAB2850083F100 /* Modifiers.swift */,
				41FD998727BABD2D0083F100 /* Extensions.swift */,
				4160768D27BC440500E716FD /* PlaySound.swift */,
			);
			path = Helpers;
			sourceTree = "<group>";
		};
/* End PBXGroup section */

/* Begin PBXNativeTarget section */
		41FD995C27BA93600083F100 /* SlotMachine */ = {
			isa = PBXNativeTarget;
			buildConfigurationList = 41FD996B27BA93670083F100 /* Build configuration list for PBXNativeTarget "SlotMachine" */;
			buildPhases = (
				41FD995927BA93600083F100 /* Sources */,
				41FD995A27BA93600083F100 /* Frameworks */,
				41FD995B27BA93600083F100 /* Resources */,
			);
			buildRules = (
			);
			dependencies = (
			);
			name = SlotMachine;
			productName = SlotMachine;
			productReference = 41FD995D27BA93600083F100 /* SlotMachine.app */;
			productType = "com.apple.product-type.application";
		};
/* End PBXNativeTarget section */

/* Begin PBXProject section */
		41FD995527BA93600083F100 /* Project object */ = {
			isa = PBXProject;
			attributes = {
				BuildIndependentTargetsInParallel = 1;
				LastSwiftUpdateCheck = 1320;
				LastUpgradeCheck = 1320;
				TargetAttributes = {
					41FD995C27BA93600083F100 = {
						CreatedOnToolsVersion = 13.2.1;
					};
				};
			};
			buildConfigurationList = 41FD995827BA93600083F100 /* Build configuration list for PBXProject "SlotMachine" */;
			compatibilityVersion = "Xcode 13.0";
			developmentRegion = en;
			hasScannedForEncodings = 0;
			knownRegions = (
				en,
				Base,
			);
			mainGroup = 41FD995427BA93600083F100;
			productRefGroup = 41FD995E27BA93600083F100 /* Products */;
			projectDirPath = "";
			projectRoot = "";
			targets = (
				41FD995C27BA93600083F100 /* SlotMachine */,
			);
		};
/* End PBXProject section */

/* Begin PBXResourcesBuildPhase section */
		41FD995B27BA93600083F100 /* Resources */ = {
			isa = PBXResourcesBuildPhase;
			buildActionMask = 2147483647;
			files = (
				41FD997C27BA9C1F0083F100 /* win.mp3 in Resources */,
				41FD997927BA9C1F0083F100 /* riseup.mp3 in Resources */,
				41FD997827BA9C1F0083F100 /* high-score.mp3 in Resources */,
				41FD996827BA93670083F100 /* Preview Assets.xcassets in Resources */,
				41FD996527BA93670083F100 /* Assets.xcassets in Resources */,
				41FD997B27BA9C1F0083F100 /* chimeup.mp3 in Resources */,
				41FD997D27BA9C1F0083F100 /* game-over.mp3 in Resources */,
				41FD997627BA9C1F0083F100 /* spin.mp3 in Resources */,
				41FD997A27BA9C1F0083F100 /* background-music.mp3 in Resources */,
				41FD998227BA9CB70083F100 /* LaunchScreen.storyboard in Resources */,
				41FD997727BA9C1F0083F100 /* casino-chips.mp3 in Resources */,
			);
			runOnlyForDeploymentPostprocessing = 0;
		};
/* End PBXResourcesBuildPhase section */

/* Begin PBXSourcesBuildPhase section */
		41FD995927BA93600083F100 /* Sources */ = {
			isa = PBXSourcesBuildPhase;
			buildActionMask = 2147483647;
			files = (
				41FD998827BABD2D0083F100 /* Extensions.swift in Sources */,
				4160768E27BC440600E716FD /* PlaySound.swift in Sources */,
				41FD998627BAB2860083F100 /* Modifiers.swift in Sources */,
				41FD996327BA93600083F100 /* ContentView.swift in Sources */,
				41FD998427BAB2090083F100 /* LogoView.swift in Sources */,
				41FD998A27BACD120083F100 /* ReelsView.swift in Sources */,
				41FD996127BA93600083F100 /* SlotMachineApp.swift in Sources */,
				4160768C27BBCCDC00E716FD /* InfoView.swift in Sources */,
			);
			runOnlyForDeploymentPostprocessing = 0;
		};
/* End PBXSourcesBuildPhase section */

/* Begin XCBuildConfiguration section */
		41FD996927BA93670083F100 /* Debug */ = {
			isa = XCBuildConfiguration;
			buildSettings = {
				ALWAYS_SEARCH_USER_PATHS = NO;
				CLANG_ANALYZER_NONNULL = YES;
				CLANG_ANALYZER_NUMBER_OBJECT_CONVERSION = YES_AGGRESSIVE;
				CLANG_CXX_LANGUAGE_STANDARD = "gnu++17";
				CLANG_CXX_LIBRARY = "libc++";
				CLANG_ENABLE_MODULES = YES;
				CLANG_ENABLE_OBJC_ARC = YES;
				CLANG_ENABLE_OBJC_WEAK = YES;
				CLANG_WARN_BLOCK_CAPTURE_AUTORELEASING = YES;
				CLANG_WARN_BOOL_CONVERSION = YES;
				CLANG_WARN_COMMA = YES;
				CLANG_WARN_CONSTANT_CONVERSION = YES;
				CLANG_WARN_DEPRECATED_OBJC_IMPLEMENTATIONS = YES;
				CLANG_WARN_DIRECT_OBJC_ISA_USAGE = YES_ERROR;
				CLANG_WARN_DOCUMENTATION_COMMENTS = YES;
				CLANG_WARN_EMPTY_BODY = YES;
				CLANG_WARN_ENUM_CONVERSION = YES;
				CLANG_WARN_INFINITE_RECURSION = YES;
				CLANG_WARN_INT_CONVERSION = YES;
				CLANG_WARN_NON_LITERAL_NULL_CONVERSION = YES;
				CLANG_WARN_OBJC_IMPLICIT_RETAIN_SELF = YES;
				CLANG_WARN_OBJC_LITERAL_CONVERSION = YES;
				CLANG_WARN_OBJC_ROOT_CLASS = YES_ERROR;
				CLANG_WARN_QUOTED_INCLUDE_IN_FRAMEWORK_HEADER = YES;
				CLANG_WARN_RANGE_LOOP_ANALYSIS = YES;
				CLANG_WARN_STRICT_PROTOTYPES = YES;
				CLANG_WARN_SUSPICIOUS_MOVE = YES;
				CLANG_WARN_UNGUARDED_AVAILABILITY = YES_AGGRESSIVE;
				CLANG_WARN_UNREACHABLE_CODE = YES;
				CLANG_WARN__DUPLICATE_METHOD_MATCH = YES;
				COPY_PHASE_STRIP = NO;
				DEBUG_INFORMATION_FORMAT = dwarf;
				ENABLE_STRICT_OBJC_MSGSEND = YES;
				ENABLE_TESTABILITY = YES;
				GCC_C_LANGUAGE_STANDARD = gnu11;
				GCC_DYNAMIC_NO_PIC = NO;
				GCC_NO_COMMON_BLOCKS = YES;
				GCC_OPTIMIZATION_LEVEL = 0;
				GCC_PREPROCESSOR_DEFINITIONS = (
					"DEBUG=1",
					"$(inherited)",
				);
				GCC_WARN_64_TO_32_BIT_CONVERSION = YES;
				GCC_WARN_ABOUT_RETURN_TYPE = YES_ERROR;
				GCC_WARN_UNDECLARED_SELECTOR = YES;
				GCC_WARN_UNINITIALIZED_AUTOS = YES_AGGRESSIVE;
				GCC_WARN_UNUSED_FUNCTION = YES;
				GCC_WARN_UNUSED_VARIABLE = YES;
				IPHONEOS_DEPLOYMENT_TARGET = 15.2;
				MTL_ENABLE_DEBUG_INFO = INCLUDE_SOURCE;
				MTL_FAST_MATH = YES;
				ONLY_ACTIVE_ARCH = YES;
				SDKROOT = iphoneos;
				SWIFT_ACTIVE_COMPILATION_CONDITIONS = DEBUG;
				SWIFT_OPTIMIZATION_LEVEL = "-Onone";
			};
			name = Debug;
		};
		41FD996A27BA93670083F100 /* Release */ = {
			isa = XCBuildConfiguration;
			buildSettings = {
				ALWAYS_SEARCH_USER_PATHS = NO;
				CLANG_ANALYZER_NONNULL = YES;
				CLANG_ANALYZER_NUMBER_OBJECT_CONVERSION = YES_AGGRESSIVE;
				CLANG_CXX_LANGUAGE_STANDARD = "gnu++17";
				CLANG_CXX_LIBRARY = "libc++";
				CLANG_ENABLE_MODULES = YES;
				CLANG_ENABLE_OBJC_ARC = YES;
				CLANG_ENABLE_OBJC_WEAK = YES;
				CLANG_WARN_BLOCK_CAPTURE_AUTORELEASING = YES;
				CLANG_WARN_BOOL_CONVERSION = YES;
				CLANG_WARN_COMMA = YES;
				CLANG_WARN_CONSTANT_CONVERSION = YES;
				CLANG_WARN_DEPRECATED_OBJC_IMPLEMENTATIONS = YES;
				CLANG_WARN_DIRECT_OBJC_ISA_USAGE = YES_ERROR;
				CLANG_WARN_DOCUMENTATION_COMMENTS = YES;
				CLANG_WARN_EMPTY_BODY = YES;
				CLANG_WARN_ENUM_CONVERSION = YES;
				CLANG_WARN_INFINITE_RECURSION = YES;
				CLANG_WARN_INT_CONVERSION = YES;
				CLANG_WARN_NON_LITERAL_NULL_CONVERSION = YES;
				CLANG_WARN_OBJC_IMPLICIT_RETAIN_SELF = YES;
				CLANG_WARN_OBJC_LITERAL_CONVERSION = YES;
				CLANG_WARN_OBJC_ROOT_CLASS = YES_ERROR;
				CLANG_WARN_QUOTED_INCLUDE_IN_FRAMEWORK_HEADER = YES;
				CLANG_WARN_RANGE_LOOP_ANALYSIS = YES;
				CLANG_WARN_STRICT_PROTOTYPES = YES;
				CLANG_WARN_SUSPICIOUS_MOVE = YES;
				CLANG_WARN_UNGUARDED_AVAILABILITY = YES_AGGRESSIVE;
				CLANG_WARN_UNREACHABLE_CODE = YES;
				CLANG_WARN__DUPLICATE_METHOD_MATCH = YES;
				COPY_PHASE_STRIP = NO;
				DEBUG_INFORMATION_FORMAT = "dwarf-with-dsym";
				ENABLE_NS_ASSERTIONS = NO;
				ENABLE_STRICT_OBJC_MSGSEND = YES;
				GCC_C_LANGUAGE_STANDARD = gnu11;
				GCC_NO_COMMON_BLOCKS = YES;
				GCC_WARN_64_TO_32_BIT_CONVERSION = YES;
				GCC_WARN_ABOUT_RETURN_TYPE = YES_ERROR;
				GCC_WARN_UNDECLARED_SELECTOR = YES;
				GCC_WARN_UNINITIALIZED_AUTOS = YES_AGGRESSIVE;
				GCC_WARN_UNUSED_FUNCTION = YES;
				GCC_WARN_UNUSED_VARIABLE = YES;
				IPHONEOS_DEPLOYMENT_TARGET = 15.2;
				MTL_ENABLE_DEBUG_INFO = NO;
				MTL_FAST_MATH = YES;
				SDKROOT = iphoneos;
				SWIFT_COMPILATION_MODE = wholemodule;
				SWIFT_OPTIMIZATION_LEVEL = "-O";
				VALIDATE_PRODUCT = YES;
			};
			name = Release;
		};
		41FD996C27BA93670083F100 /* Debug */ = {
			isa = XCBuildConfiguration;
			buildSettings = {
				ASSETCATALOG_COMPILER_APPICON_NAME = AppIcon;
				ASSETCATALOG_COMPILER_GLOBAL_ACCENT_COLOR_NAME = AccentColor;
				CODE_SIGN_STYLE = Automatic;
				CURRENT_PROJECT_VERSION = 1;
				DEVELOPMENT_ASSET_PATHS = "\"SlotMachine/Preview Content\"";
				DEVELOPMENT_TEAM = 56F54J4H3N;
				ENABLE_PREVIEWS = YES;
				GENERATE_INFOPLIST_FILE = YES;
				INFOPLIST_FILE = SlotMachine/Info.plist;
				INFOPLIST_KEY_UIApplicationSceneManifest_Generation = YES;
				INFOPLIST_KEY_UIApplicationSupportsIndirectInputEvents = YES;
				INFOPLIST_KEY_UILaunchScreen_Generation = YES;
				INFOPLIST_KEY_UILaunchStoryboardName = LaunchScreen;
				INFOPLIST_KEY_UISupportedInterfaceOrientations = UIInterfaceOrientationPortrait;
				INFOPLIST_KEY_UISupportedInterfaceOrientations_iPad = "UIInterfaceOrientationPortrait UIInterfaceOrientationPortraitUpsideDown UIInterfaceOrientationLandscapeLeft UIInterfaceOrientationLandscapeRight";
				INFOPLIST_KEY_UISupportedInterfaceOrientations_iPhone = "UIInterfaceOrientationPortrait UIInterfaceOrientationLandscapeLeft UIInterfaceOrientationLandscapeRight";
				LD_RUNPATH_SEARCH_PATHS = (
					"$(inherited)",
					"@executable_path/Frameworks",
				);
				MARKETING_VERSION = 1.0;
				PRODUCT_BUNDLE_IDENTIFIER = com.mobilesoftwareservices.SlotMachine;
				PRODUCT_NAME = "$(TARGET_NAME)";
				SWIFT_EMIT_LOC_STRINGS = YES;
				SWIFT_VERSION = 5.0;
				TARGETED_DEVICE_FAMILY = "1,2";
			};
			name = Debug;
		};
		41FD996D27BA93670083F100 /* Release */ = {
			isa = XCBuildConfiguration;
			buildSettings = {
				ASSETCATALOG_COMPILER_APPICON_NAME = AppIcon;
				ASSETCATALOG_COMPILER_GLOBAL_ACCENT_COLOR_NAME = AccentColor;
				CODE_SIGN_STYLE = Automatic;
				CURRENT_PROJECT_VERSION = 1;
				DEVELOPMENT_ASSET_PATHS = "\"SlotMachine/Preview Content\"";
				DEVELOPMENT_TEAM = 56F54J4H3N;
				ENABLE_PREVIEWS = YES;
				GENERATE_INFOPLIST_FILE = YES;
				INFOPLIST_FILE = SlotMachine/Info.plist;
				INFOPLIST_KEY_UIApplicationSceneManifest_Generation = YES;
				INFOPLIST_KEY_UIApplicationSupportsIndirectInputEvents = YES;
				INFOPLIST_KEY_UILaunchScreen_Generation = YES;
				INFOPLIST_KEY_UILaunchStoryboardName = LaunchScreen;
				INFOPLIST_KEY_UISupportedInterfaceOrientations = UIInterfaceOrientationPortrait;
				INFOPLIST_KEY_UISupportedInterfaceOrientations_iPad = "UIInterfaceOrientationPortrait UIInterfaceOrientationPortraitUpsideDown UIInterfaceOrientationLandscapeLeft UIInterfaceOrientationLandscapeRight";
				INFOPLIST_KEY_UISupportedInterfaceOrientations_iPhone = "UIInterfaceOrientationPortrait UIInterfaceOrientationLandscapeLeft UIInterfaceOrientationLandscapeRight";
				LD_RUNPATH_SEARCH_PATHS = (
					"$(inherited)",
					"@executable_path/Frameworks",
				);
				MARKETING_VERSION = 1.0;
				PRODUCT_BUNDLE_IDENTIFIER = com.mobilesoftwareservices.SlotMachine;
				PRODUCT_NAME = "$(TARGET_NAME)";
				SWIFT_EMIT_LOC_STRINGS = YES;
				SWIFT_VERSION = 5.0;
				TARGETED_DEVICE_FAMILY = "1,2";
			};
			name = Release;
		};
/* End XCBuildConfiguration section */

/* Begin XCConfigurationList section */
		41FD995827BA93600083F100 /* Build configuration list for PBXProject "SlotMachine" */ = {
			isa = XCConfigurationList;
			buildConfigurations = (
				41FD996927BA93670083F100 /* Debug */,
				41FD996A27BA93670083F100 /* Release */,
			);
			defaultConfigurationIsVisible = 0;
			defaultConfigurationName = Release;
		};
		41FD996B27BA93670083F100 /* Build configuration list for PBXNativeTarget "SlotMachine" */ = {
			isa = XCConfigurationList;
			buildConfigurations = (
				41FD996C27BA93670083F100 /* Debug */,
				41FD996D27BA93670083F100 /* Release */,
			);
			defaultConfigurationIsVisible = 0;
			defaultConfigurationName = Release;
		};
/* End XCConfigurationList section */
	};
	rootObject = 41FD995527BA93600083F100 /* Project object */;
}
